{
  "nodes": {
    "flakeNimbleLib": {
      "inputs": {
        "nixpkgs": [
          "nixpkgs"
        ]
      },
      "locked": {
        "lastModified": 1662018438,
        "narHash": "sha256-QtNtU6+LX3Wokxf0zlFwKTFOcn6TeDjKQZ+DA9OYtvM=",
        "owner": "riinr",
        "repo": "nim-flakes-lib",
        "rev": "b1fe8340736e3a85d25c709ac3dfd82a55c03cbf",
        "type": "github"
      },
      "original": {
        "owner": "riinr",
        "ref": "master",
        "repo": "nim-flakes-lib",
        "type": "github"
      }
    },
    "json2xml-main": {
      "inputs": {
        "flakeNimbleLib": [
          "flakeNimbleLib"
        ],
        "nixpkgs": [
          "nixpkgs"
        ],
        "src-json2xml-main": "src-json2xml-main"
      },
      "locked": {
        "dir": "main",
        "lastModified": 1667322368,
        "narHash": "sha256-5Vggp5NaPgr5ObDZm1nAAJtvbFJbzfGwhfQae8muLsc=",
        "owner": "nim-nix-pkgs",
        "repo": "json2xml",
        "rev": "c81d20764e184119937347cb78f055e137cfbe1d",
        "type": "github"
      },
      "original": {
        "dir": "main",
        "owner": "nim-nix-pkgs",
        "ref": "master",
        "repo": "json2xml",
        "type": "github"
      }
    },
    "nixpkgs": {
      "locked": {
        "lastModified": 1667199707,
        "narHash": "sha256-I2Js3Y7gUyVSEXPULHlBoRek4Lh85vnevdS6mdvDNLI=",
        "owner": "NixOS",
        "repo": "nixpkgs",
        "rev": "ced197be72099edcfa68ebed8b87af7b04851f45",
        "type": "github"
      },
      "original": {
        "id": "nixpkgs",
        "type": "indirect"
      }
    },
    "root": {
      "inputs": {
        "flakeNimbleLib": "flakeNimbleLib",
        "json2xml-main": "json2xml-main",
        "nixpkgs": "nixpkgs"
      }
    },
    "src-json2xml-main": {
      "flake": false,
      "locked": {
        "lastModified": 1637865947,
        "narHash": "sha256-A1bbaVs8QOo8PVRQlCDGMIR17nq1bOjL5Utc3jzK4lg=",
        "owner": "MhedhebiIssam",
        "repo": "json2xml",
        "rev": "a3baf39063a80d997cbb68c393ae443ffa35d96f",
        "type": "github"
      },
      "original": {
        "owner": "MhedhebiIssam",
        "ref": "refs/heads/main",
        "repo": "json2xml",
        "type": "github"
      }
    }
  },
  "root": "root",
  "version": 7
}
